
Microsoft Visual Studio Solution File, Format Version 12.00
# Visual Studio Version 17
VisualStudioVersion = 17.0.31825.309
MinimumVisualStudioVersion = 10.0.40219.1
Project("{2150E333-8FDC-42A3-9474-1A3956D46DE8}") = "src", "src", "{AC908F34-002A-4F11-A9E1-0E3D42C0F2F3}"
EndProject
Project("{2150E333-8FDC-42A3-9474-1A3956D46DE8}") = "solution items", "solution items", "{76602240-B01D-43AE-9B7D-8BB27C45081B}"
	ProjectSection(SolutionItems) = preProject
		.gitattributes = .gitattributes
		.gitignore = .gitignore
		README.md = README.md
	EndProjectSection
EndProject
Project("{2150E333-8FDC-42A3-9474-1A3956D46DE8}") = "WPF", "WPF", "{C6B59815-9A54-4301-A714-8B792A5E037F}"
EndProject
Project("{9A19103F-16F7-4668-BE54-9A1E7A4F7556}") = "xFrame.WPF", "src\WPF\xFrame.WPF\xFrame.WPF.csproj", "{8B4457F8-8915-4162-9456-DDC9CD9002BD}"
EndProject
Project("{9A19103F-16F7-4668-BE54-9A1E7A4F7556}") = "xFrame.WPF.Controls", "src\WPF\xFrame.WPF.Controls\xFrame.WPF.Controls.csproj", "{C2F430D7-9556-4371-8743-86FFFC5A54DD}"
EndProject
Project("{9A19103F-16F7-4668-BE54-9A1E7A4F7556}") = "xFrame.WPF.Theming", "src\WPF\xFrame.WPF.Theming\xFrame.WPF.Theming.csproj", "{571D9E9A-C07E-4494-AA6D-43492AA162F0}"
EndProject
Project("{9A19103F-16F7-4668-BE54-9A1E7A4F7556}") = "xFrame.WPF.Theming.Generators", "src\WPF\xFrame.WPF.Theming.Generators\xFrame.WPF.Theming.Generators.csproj", "{18968FFC-C6E6-4548-8E88-016E51BDEA78}"
EndProject
Project("{2150E333-8FDC-42A3-9474-1A3956D46DE8}") = "Core", "Core", "{4EE96F02-450C-4CB7-A631-811388BB34B9}"
EndProject
Project("{9A19103F-16F7-4668-BE54-9A1E7A4F7556}") = "xFrame.Core", "src\Core\xFrame.Core\xFrame.Core.csproj", "{E08E2253-158A-41FA-ACA6-45E55EC5F79D}"
EndProject
Project("{9A19103F-16F7-4668-BE54-9A1E7A4F7556}") = "WPFTestApp", "..\xFrame.DevEnv\TestEnv\WPF\WPFTestApp\WPFTestApp.csproj", "{EA3A1178-6B95-400F-AB44-FB65538B0347}"
EndProject
Project("{9A19103F-16F7-4668-BE54-9A1E7A4F7556}") = "xFrame.WPF.Converters", "src\WPF\xFrame.Wpf.Converters\xFrame.WPF.Converters.csproj", "{26790E6C-0A9E-454E-A8CC-63306BCC9C68}"
EndProject
Global
	GlobalSection(SolutionConfigurationPlatforms) = preSolution
		Debug|Any CPU = Debug|Any CPU
		Release|Any CPU = Release|Any CPU
	EndGlobalSection
	GlobalSection(ProjectConfigurationPlatforms) = postSolution
		{8B4457F8-8915-4162-9456-DDC9CD9002BD}.Debug|Any CPU.ActiveCfg = Debug|Any CPU
		{8B4457F8-8915-4162-9456-DDC9CD9002BD}.Debug|Any CPU.Build.0 = Debug|Any CPU
		{8B4457F8-8915-4162-9456-DDC9CD9002BD}.Release|Any CPU.ActiveCfg = Release|Any CPU
		{8B4457F8-8915-4162-9456-DDC9CD9002BD}.Release|Any CPU.Build.0 = Release|Any CPU
		{C2F430D7-9556-4371-8743-86FFFC5A54DD}.Debug|Any CPU.ActiveCfg = Debug|Any CPU
		{C2F430D7-9556-4371-8743-86FFFC5A54DD}.Debug|Any CPU.Build.0 = Debug|Any CPU
		{C2F430D7-9556-4371-8743-86FFFC5A54DD}.Release|Any CPU.ActiveCfg = Release|Any CPU
		{C2F430D7-9556-4371-8743-86FFFC5A54DD}.Release|Any CPU.Build.0 = Release|Any CPU
		{571D9E9A-C07E-4494-AA6D-43492AA162F0}.Debug|Any CPU.ActiveCfg = Debug|Any CPU
		{571D9E9A-C07E-4494-AA6D-43492AA162F0}.Debug|Any CPU.Build.0 = Debug|Any CPU
		{571D9E9A-C07E-4494-AA6D-43492AA162F0}.Release|Any CPU.ActiveCfg = Release|Any CPU
		{571D9E9A-C07E-4494-AA6D-43492AA162F0}.Release|Any CPU.Build.0 = Release|Any CPU
		{18968FFC-C6E6-4548-8E88-016E51BDEA78}.Debug|Any CPU.ActiveCfg = Debug|Any CPU
		{18968FFC-C6E6-4548-8E88-016E51BDEA78}.Debug|Any CPU.Build.0 = Debug|Any CPU
		{18968FFC-C6E6-4548-8E88-016E51BDEA78}.Release|Any CPU.ActiveCfg = Release|Any CPU
		{18968FFC-C6E6-4548-8E88-016E51BDEA78}.Release|Any CPU.Build.0 = Release|Any CPU
		{E08E2253-158A-41FA-ACA6-45E55EC5F79D}.Debug|Any CPU.ActiveCfg = Debug|Any CPU
		{E08E2253-158A-41FA-ACA6-45E55EC5F79D}.Debug|Any CPU.Build.0 = Debug|Any CPU
		{E08E2253-158A-41FA-ACA6-45E55EC5F79D}.Release|Any CPU.ActiveCfg = Release|Any CPU
		{E08E2253-158A-41FA-ACA6-45E55EC5F79D}.Release|Any CPU.Build.0 = Release|Any CPU
		{EA3A1178-6B95-400F-AB44-FB65538B0347}.Debug|Any CPU.ActiveCfg = Debug|Any CPU
		{EA3A1178-6B95-400F-AB44-FB65538B0347}.Debug|Any CPU.Build.0 = Debug|Any CPU
		{EA3A1178-6B95-400F-AB44-FB65538B0347}.Release|Any CPU.ActiveCfg = Release|Any CPU
		{EA3A1178-6B95-400F-AB44-FB65538B0347}.Release|Any CPU.Build.0 = Release|Any CPU
		{26790E6C-0A9E-454E-A8CC-63306BCC9C68}.Debug|Any CPU.ActiveCfg = Debug|Any CPU
		{26790E6C-0A9E-454E-A8CC-63306BCC9C68}.Debug|Any CPU.Build.0 = Debug|Any CPU
		{26790E6C-0A9E-454E-A8CC-63306BCC9C68}.Release|Any CPU.ActiveCfg = Release|Any CPU
		{26790E6C-0A9E-454E-A8CC-63306BCC9C68}.Release|Any CPU.Build.0 = Release|Any CPU
	EndGlobalSection
	GlobalSection(SolutionProperties) = preSolution
		HideSolutionNode = FALSE
	EndGlobalSection
	GlobalSection(NestedProjects) = preSolution
		{C6B59815-9A54-4301-A714-8B792A5E037F} = {AC908F34-002A-4F11-A9E1-0E3D42C0F2F3}
		{8B4457F8-8915-4162-9456-DDC9CD9002BD} = {C6B59815-9A54-4301-A714-8B792A5E037F}
		{C2F430D7-9556-4371-8743-86FFFC5A54DD} = {C6B59815-9A54-4301-A714-8B792A5E037F}
		{571D9E9A-C07E-4494-AA6D-43492AA162F0} = {C6B59815-9A54-4301-A714-8B792A5E037F}
		{18968FFC-C6E6-4548-8E88-016E51BDEA78} = {C6B59815-9A54-4301-A714-8B792A5E037F}
		{4EE96F02-450C-4CB7-A631-811388BB34B9} = {AC908F34-002A-4F11-A9E1-0E3D42C0F2F3}
		{E08E2253-158A-41FA-ACA6-45E55EC5F79D} = {4EE96F02-450C-4CB7-A631-811388BB34B9}
		{EA3A1178-6B95-400F-AB44-FB65538B0347} = {C6B59815-9A54-4301-A714-8B792A5E037F}
		{26790E6C-0A9E-454E-A8CC-63306BCC9C68} = {C6B59815-9A54-4301-A714-8B792A5E037F}
	EndGlobalSection
	GlobalSection(ExtensibilityGlobals) = postSolution
		SolutionGuid = {8C6AC887-7531-4C21-8C18-A962640FE384}
	EndGlobalSection
EndGlobal
